
Microsoft Visual Studio Solution File, Format Version 12.00
# Visual Studio 15
VisualStudioVersion = 15.0.27130.2010
MinimumVisualStudioVersion = 10.0.40219.1
Project("{9A19103F-16F7-4668-BE54-9A1E7A4F7556}") = "FileSystemShardingNet", "FileSystemShardingNet\FileSystemShardingNet.csproj", "{FB7431B9-9F37-4668-99C7-90BE8A5A0847}"
EndProject
Project("{FAE04EC0-301F-11D3-BF4B-00C04F79EFBC}") = "FileSystemShardingNet.Tests", "FileSystemShardingNet.Tests\FileSystemShardingNet.Tests.csproj", "{61AF98A1-009B-499C-848F-4B8BF4852166}"
EndProject
Global
	GlobalSection(SolutionConfigurationPlatforms) = preSolution
		Debug|Any CPU = Debug|Any CPU
		Release|Any CPU = Release|Any CPU
	EndGlobalSection
	GlobalSection(ProjectConfigurationPlatforms) = postSolution
		{FB7431B9-9F37-4668-99C7-90BE8A5A0847}.Debug|Any CPU.ActiveCfg = Debug|Any CPU
		{FB7431B9-9F37-4668-99C7-90BE8A5A0847}.Debug|Any CPU.Build.0 = Debug|Any CPU
		{FB7431B9-9F37-4668-99C7-90BE8A5A0847}.Release|Any CPU.ActiveCfg = Release|Any CPU
		{FB7431B9-9F37-4668-99C7-90BE8A5A0847}.Release|Any CPU.Build.0 = Release|Any CPU
		{61AF98A1-009B-499C-848F-4B8BF4852166}.Debug|Any CPU.ActiveCfg = Debug|Any CPU
		{61AF98A1-009B-499C-848F-4B8BF4852166}.Debug|Any CPU.Build.0 = Debug|Any CPU
		{61AF98A1-009B-499C-848F-4B8BF4852166}.Release|Any CPU.ActiveCfg = Release|Any CPU
		{61AF98A1-009B-499C-848F-4B8BF4852166}.Release|Any CPU.Build.0 = Release|Any CPU
	EndGlobalSection
	GlobalSection(SolutionProperties) = preSolution
		HideSolutionNode = FALSE
	EndGlobalSection
	GlobalSection(ExtensibilityGlobals) = postSolution
		SolutionGuid = {77E04D78-589B-4B1D-BC63-524C49554450}
	EndGlobalSection
EndGlobal
